
Microsoft Visual Studio Solution File, Format Version 12.00
# Visual Studio Version 16
VisualStudioVersion = 16.0.30804.86
MinimumVisualStudioVersion = 10.0.40219.1
Project("{9A19103F-16F7-4668-BE54-9A1E7A4F7556}") = "BookStore.Domain", "BookStore.Domain\BookStore.Domain.csproj", "{6D5C325D-DFAF-4D44-BB0E-0A11A808F42B}"
EndProject
Project("{9A19103F-16F7-4668-BE54-9A1E7A4F7556}") = "BookStore.Infrastructure", "BookStore.Infrastructure\BookStore.Infrastructure.csproj", "{CD753AB0-5EFC-4152-B8A0-E281EAF2CCB7}"
EndProject
Project("{9A19103F-16F7-4668-BE54-9A1E7A4F7556}") = "BookStore.Application", "BookStore.Application\BookStore.Application.csproj", "{3325B47A-9BDE-4EE5-9171-1CF84E39C043}"
EndProject
Project("{9A19103F-16F7-4668-BE54-9A1E7A4F7556}") = "BookStore.WebAPI", "BookStore.WebAPI\BookStore.WebAPI.csproj", "{CEC9F82B-BC3A-4506-B472-6657CCD8AF51}"
EndProject
Project("{9A19103F-16F7-4668-BE54-9A1E7A4F7556}") = "BookStore.Tests", "BookStore.Tests\BookStore.Tests.csproj", "{326BB981-6417-4FBA-8EFC-FAA9D7BEADB7}"
EndProject
Project("{9A19103F-16F7-4668-BE54-9A1E7A4F7556}") = "BookStore.Infrastructure.IoC", "BookStore.Infrastructure.IoC\BookStore.Infrastructure.IoC.csproj", "{D78B83F8-212A-4749-96ED-2D78C44293ED}"
EndProject
Project("{2150E333-8FDC-42A3-9474-1A3956D46DE8}") = "Solution Items", "Solution Items", "{CD09AE9C-7DC8-490A-9DE8-63C1BC30AB43}"
	ProjectSection(SolutionItems) = preProject
		.gitignore = .gitignore
		readme.md = readme.md
	EndProjectSection
EndProject
Project("{9A19103F-16F7-4668-BE54-9A1E7A4F7556}") = "BookStore.Shared", "BookStore.Shared\BookStore.Shared.csproj", "{CE82D060-49A8-420A-B493-0F7B024B2C33}"
EndProject
Project("{FAE04EC0-301F-11D3-BF4B-00C04F79EFBC}") = "BookStore.Infrastructure.Migration", "BookStore.Infrastructure.Migration\BookStore.Infrastructure.Migration.csproj", "{0863EB34-FE25-4A44-B1F0-787979B67C82}"
EndProject
Global
	GlobalSection(SolutionConfigurationPlatforms) = preSolution
		Debug|Any CPU = Debug|Any CPU
		Release|Any CPU = Release|Any CPU
	EndGlobalSection
	GlobalSection(ProjectConfigurationPlatforms) = postSolution
		{6D5C325D-DFAF-4D44-BB0E-0A11A808F42B}.Debug|Any CPU.ActiveCfg = Debug|Any CPU
		{6D5C325D-DFAF-4D44-BB0E-0A11A808F42B}.Debug|Any CPU.Build.0 = Debug|Any CPU
		{6D5C325D-DFAF-4D44-BB0E-0A11A808F42B}.Release|Any CPU.ActiveCfg = Release|Any CPU
		{6D5C325D-DFAF-4D44-BB0E-0A11A808F42B}.Release|Any CPU.Build.0 = Release|Any CPU
		{CD753AB0-5EFC-4152-B8A0-E281EAF2CCB7}.Debug|Any CPU.ActiveCfg = Debug|Any CPU
		{CD753AB0-5EFC-4152-B8A0-E281EAF2CCB7}.Debug|Any CPU.Build.0 = Debug|Any CPU
		{CD753AB0-5EFC-4152-B8A0-E281EAF2CCB7}.Release|Any CPU.ActiveCfg = Release|Any CPU
		{CD753AB0-5EFC-4152-B8A0-E281EAF2CCB7}.Release|Any CPU.Build.0 = Release|Any CPU
		{3325B47A-9BDE-4EE5-9171-1CF84E39C043}.Debug|Any CPU.ActiveCfg = Debug|Any CPU
		{3325B47A-9BDE-4EE5-9171-1CF84E39C043}.Debug|Any CPU.Build.0 = Debug|Any CPU
		{3325B47A-9BDE-4EE5-9171-1CF84E39C043}.Release|Any CPU.ActiveCfg = Release|Any CPU
		{3325B47A-9BDE-4EE5-9171-1CF84E39C043}.Release|Any CPU.Build.0 = Release|Any CPU
		{CEC9F82B-BC3A-4506-B472-6657CCD8AF51}.Debug|Any CPU.ActiveCfg = Debug|Any CPU
		{CEC9F82B-BC3A-4506-B472-6657CCD8AF51}.Debug|Any CPU.Build.0 = Debug|Any CPU
		{CEC9F82B-BC3A-4506-B472-6657CCD8AF51}.Release|Any CPU.ActiveCfg = Release|Any CPU
		{CEC9F82B-BC3A-4506-B472-6657CCD8AF51}.Release|Any CPU.Build.0 = Release|Any CPU
		{326BB981-6417-4FBA-8EFC-FAA9D7BEADB7}.Debug|Any CPU.ActiveCfg = Debug|Any CPU
		{326BB981-6417-4FBA-8EFC-FAA9D7BEADB7}.Debug|Any CPU.Build.0 = Debug|Any CPU
		{326BB981-6417-4FBA-8EFC-FAA9D7BEADB7}.Release|Any CPU.ActiveCfg = Release|Any CPU
		{326BB981-6417-4FBA-8EFC-FAA9D7BEADB7}.Release|Any CPU.Build.0 = Release|Any CPU
		{D78B83F8-212A-4749-96ED-2D78C44293ED}.Debug|Any CPU.ActiveCfg = Debug|Any CPU
		{D78B83F8-212A-4749-96ED-2D78C44293ED}.Debug|Any CPU.Build.0 = Debug|Any CPU
		{D78B83F8-212A-4749-96ED-2D78C44293ED}.Release|Any CPU.ActiveCfg = Release|Any CPU
		{D78B83F8-212A-4749-96ED-2D78C44293ED}.Release|Any CPU.Build.0 = Release|Any CPU
		{CE82D060-49A8-420A-B493-0F7B024B2C33}.Debug|Any CPU.ActiveCfg = Debug|Any CPU
		{CE82D060-49A8-420A-B493-0F7B024B2C33}.Debug|Any CPU.Build.0 = Debug|Any CPU
		{CE82D060-49A8-420A-B493-0F7B024B2C33}.Release|Any CPU.ActiveCfg = Release|Any CPU
		{CE82D060-49A8-420A-B493-0F7B024B2C33}.Release|Any CPU.Build.0 = Release|Any CPU
		{0863EB34-FE25-4A44-B1F0-787979B67C82}.Debug|Any CPU.ActiveCfg = Debug|Any CPU
		{0863EB34-FE25-4A44-B1F0-787979B67C82}.Debug|Any CPU.Build.0 = Debug|Any CPU
		{0863EB34-FE25-4A44-B1F0-787979B67C82}.Release|Any CPU.ActiveCfg = Release|Any CPU
		{0863EB34-FE25-4A44-B1F0-787979B67C82}.Release|Any CPU.Build.0 = Release|Any CPU
	EndGlobalSection
	GlobalSection(SolutionProperties) = preSolution
		HideSolutionNode = FALSE
	EndGlobalSection
	GlobalSection(ExtensibilityGlobals) = postSolution
		SolutionGuid = {0BF960F7-8646-4DAC-93E6-24DEF0CE5031}
	EndGlobalSection
EndGlobal
